
Microsoft Visual Studio Solution File, Format Version 12.00
# Visual Studio Version 16
VisualStudioVersion = 16.0.33214.272
MinimumVisualStudioVersion = 10.0.40219.1
Project("{FAE04EC0-301F-11D3-BF4B-00C04F79EFBC}") = "linq_hm_08_03", "linq_hm_08_03\linq_hm_08_03.csproj", "{25BA05B1-F70A-4933-927E-50D966F8F69C}"
EndProject
Global
	GlobalSection(SolutionConfigurationPlatforms) = preSolution
		Debug|Any CPU = Debug|Any CPU
		Release|Any CPU = Release|Any CPU
	EndGlobalSection
	GlobalSection(ProjectConfigurationPlatforms) = postSolution
		{25BA05B1-F70A-4933-927E-50D966F8F69C}.Debug|Any CPU.ActiveCfg = Debug|Any CPU
		{25BA05B1-F70A-4933-927E-50D966F8F69C}.Debug|Any CPU.Build.0 = Debug|Any CPU
		{25BA05B1-F70A-4933-927E-50D966F8F69C}.Release|Any CPU.ActiveCfg = Release|Any CPU
		{25BA05B1-F70A-4933-927E-50D966F8F69C}.Release|Any CPU.Build.0 = Release|Any CPU
	EndGlobalSection
	GlobalSection(SolutionProperties) = preSolution
		HideSolutionNode = FALSE
	EndGlobalSection
	GlobalSection(ExtensibilityGlobals) = postSolution
		SolutionGuid = {85AAC1D9-B3C8-49A9-BA18-150E37A9751E}
	EndGlobalSection
EndGlobal
